
Microsoft Visual Studio Solution File, Format Version 12.00
# Visual Studio Version 16
VisualStudioVersion = 16.0.31005.135
MinimumVisualStudioVersion = 10.0.40219.1
Project("{9A19103F-16F7-4668-BE54-9A1E7A4F7556}") = "Goober.Config.WebApi", "Goober.Config.WebApi\Goober.Config.WebApi.csproj", "{C92E8B1E-625C-4090-8938-D28237B0383A}"
EndProject
Project("{9A19103F-16F7-4668-BE54-9A1E7A4F7556}") = "Goober.Config.Api", "Goober.Config.Api\Goober.Config.Api.csproj", "{D77B33BD-9AF7-4DBD-A2CD-80BA5A37DCBD}"
EndProject
Project("{9A19103F-16F7-4668-BE54-9A1E7A4F7556}") = "Goober.Http", "..\Goober.Standard\Goober.Http\Goober.Http.csproj", "{4248B045-4263-4032-B8AB-3CB7224E830C}"
EndProject
Project("{9A19103F-16F7-4668-BE54-9A1E7A4F7556}") = "Goober.Core", "..\Goober.Standard\Goober.Core\Goober.Core.csproj", "{2B2B2AAE-2286-4626-93A8-8813B7401F5D}"
EndProject
Project("{9A19103F-16F7-4668-BE54-9A1E7A4F7556}") = "Goober.Caching.Abstractions", "..\Goober.Standard\Goober.Caching.Abstractions\Goober.Caching.Abstractions.csproj", "{F8CFE804-319F-42B0-A416-A5B9D7D2B53B}"
EndProject
Project("{9A19103F-16F7-4668-BE54-9A1E7A4F7556}") = "Goober.Http.Abstractions", "..\Goober.Standard\Goober.Http.Abstractions\Goober.Http.Abstractions.csproj", "{04E27EC4-5BDB-422F-A7CD-6FDEC7C09B28}"
EndProject
Project("{9A19103F-16F7-4668-BE54-9A1E7A4F7556}") = "Goober.Caching", "..\Goober.Standard\Goober.Caching\Goober.Caching.csproj", "{FF415D7B-0F97-41F3-97F2-7B8D4CAD7A6C}"
EndProject
Project("{9A19103F-16F7-4668-BE54-9A1E7A4F7556}") = "Goober.Web", "..\Goober.Web\Goober.Web\Goober.Web.csproj", "{36DE4CA4-E882-4DF9-80B1-146C5C36CFD0}"
EndProject
Project("{9A19103F-16F7-4668-BE54-9A1E7A4F7556}") = "Goober.Config.DAL.MsSql", "Goober.Config.DAL.MsSql\Goober.Config.DAL.MsSql.csproj", "{06E34048-888C-49B8-AE90-FF96B2BFBD46}"
EndProject
Project("{9A19103F-16F7-4668-BE54-9A1E7A4F7556}") = "Goober.Config.DAL.Abstraction", "Goober.DAL.Abstractions\Goober.Config.DAL.Abstraction.csproj", "{4D73D853-A38F-4A56-952F-DF141C4D3F40}"
EndProject
Project("{9A19103F-16F7-4668-BE54-9A1E7A4F7556}") = "Goober.EntityFramework.SqlServer", "..\Goober.EntityFramework\Goober.EntityFramework.SqlServer\Goober.EntityFramework.SqlServer.csproj", "{70C3000D-1B2F-4382-BAFA-A7FFD0FF4F30}"
EndProject
Project("{9A19103F-16F7-4668-BE54-9A1E7A4F7556}") = "Goober.EntityFramework.Common", "..\Goober.EntityFramework\Goober.EntityFramework.Common\Goober.EntityFramework.Common.csproj", "{A9C89190-DFEE-4876-8F2B-394B9B069335}"
EndProject
Project("{9A19103F-16F7-4668-BE54-9A1E7A4F7556}") = "Goober.Tests", "..\Goober.Web\Goober.Tests\Goober.Tests.csproj", "{A12852D6-DD4C-4534-97E1-6167A34E04A3}"
EndProject
Project("{2150E333-8FDC-42A3-9474-1A3956D46DE8}") = "Tests", "Tests", "{43209AB7-778E-4AC5-B94C-98CCB5E0F019}"
EndProject
Project("{FAE04EC0-301F-11D3-BF4B-00C04F79EFBC}") = "Goober.Config.WebApi.Tests", "Goober.Config.WebApi.Tests\Goober.Config.WebApi.Tests.csproj", "{CA329861-01B2-433A-B681-1A69BA49EE19}"
EndProject
Global
	GlobalSection(SolutionConfigurationPlatforms) = preSolution
		Debug|Any CPU = Debug|Any CPU
		Release|Any CPU = Release|Any CPU
	EndGlobalSection
	GlobalSection(ProjectConfigurationPlatforms) = postSolution
		{C92E8B1E-625C-4090-8938-D28237B0383A}.Debug|Any CPU.ActiveCfg = Debug|Any CPU
		{C92E8B1E-625C-4090-8938-D28237B0383A}.Debug|Any CPU.Build.0 = Debug|Any CPU
		{C92E8B1E-625C-4090-8938-D28237B0383A}.Release|Any CPU.ActiveCfg = Release|Any CPU
		{C92E8B1E-625C-4090-8938-D28237B0383A}.Release|Any CPU.Build.0 = Release|Any CPU
		{D77B33BD-9AF7-4DBD-A2CD-80BA5A37DCBD}.Debug|Any CPU.ActiveCfg = Debug|Any CPU
		{D77B33BD-9AF7-4DBD-A2CD-80BA5A37DCBD}.Debug|Any CPU.Build.0 = Debug|Any CPU
		{D77B33BD-9AF7-4DBD-A2CD-80BA5A37DCBD}.Release|Any CPU.ActiveCfg = Release|Any CPU
		{D77B33BD-9AF7-4DBD-A2CD-80BA5A37DCBD}.Release|Any CPU.Build.0 = Release|Any CPU
		{4248B045-4263-4032-B8AB-3CB7224E830C}.Debug|Any CPU.ActiveCfg = Debug|Any CPU
		{4248B045-4263-4032-B8AB-3CB7224E830C}.Debug|Any CPU.Build.0 = Debug|Any CPU
		{4248B045-4263-4032-B8AB-3CB7224E830C}.Release|Any CPU.ActiveCfg = Release|Any CPU
		{4248B045-4263-4032-B8AB-3CB7224E830C}.Release|Any CPU.Build.0 = Release|Any CPU
		{2B2B2AAE-2286-4626-93A8-8813B7401F5D}.Debug|Any CPU.ActiveCfg = Debug|Any CPU
		{2B2B2AAE-2286-4626-93A8-8813B7401F5D}.Debug|Any CPU.Build.0 = Debug|Any CPU
		{2B2B2AAE-2286-4626-93A8-8813B7401F5D}.Release|Any CPU.ActiveCfg = Release|Any CPU
		{2B2B2AAE-2286-4626-93A8-8813B7401F5D}.Release|Any CPU.Build.0 = Release|Any CPU
		{F8CFE804-319F-42B0-A416-A5B9D7D2B53B}.Debug|Any CPU.ActiveCfg = Debug|Any CPU
		{F8CFE804-319F-42B0-A416-A5B9D7D2B53B}.Debug|Any CPU.Build.0 = Debug|Any CPU
		{F8CFE804-319F-42B0-A416-A5B9D7D2B53B}.Release|Any CPU.ActiveCfg = Release|Any CPU
		{F8CFE804-319F-42B0-A416-A5B9D7D2B53B}.Release|Any CPU.Build.0 = Release|Any CPU
		{04E27EC4-5BDB-422F-A7CD-6FDEC7C09B28}.Debug|Any CPU.ActiveCfg = Debug|Any CPU
		{04E27EC4-5BDB-422F-A7CD-6FDEC7C09B28}.Debug|Any CPU.Build.0 = Debug|Any CPU
		{04E27EC4-5BDB-422F-A7CD-6FDEC7C09B28}.Release|Any CPU.ActiveCfg = Release|Any CPU
		{04E27EC4-5BDB-422F-A7CD-6FDEC7C09B28}.Release|Any CPU.Build.0 = Release|Any CPU
		{FF415D7B-0F97-41F3-97F2-7B8D4CAD7A6C}.Debug|Any CPU.ActiveCfg = Debug|Any CPU
		{FF415D7B-0F97-41F3-97F2-7B8D4CAD7A6C}.Debug|Any CPU.Build.0 = Debug|Any CPU
		{FF415D7B-0F97-41F3-97F2-7B8D4CAD7A6C}.Release|Any CPU.ActiveCfg = Release|Any CPU
		{FF415D7B-0F97-41F3-97F2-7B8D4CAD7A6C}.Release|Any CPU.Build.0 = Release|Any CPU
		{36DE4CA4-E882-4DF9-80B1-146C5C36CFD0}.Debug|Any CPU.ActiveCfg = Debug|Any CPU
		{36DE4CA4-E882-4DF9-80B1-146C5C36CFD0}.Debug|Any CPU.Build.0 = Debug|Any CPU
		{36DE4CA4-E882-4DF9-80B1-146C5C36CFD0}.Release|Any CPU.ActiveCfg = Release|Any CPU
		{36DE4CA4-E882-4DF9-80B1-146C5C36CFD0}.Release|Any CPU.Build.0 = Release|Any CPU
		{06E34048-888C-49B8-AE90-FF96B2BFBD46}.Debug|Any CPU.ActiveCfg = Debug|Any CPU
		{06E34048-888C-49B8-AE90-FF96B2BFBD46}.Debug|Any CPU.Build.0 = Debug|Any CPU
		{06E34048-888C-49B8-AE90-FF96B2BFBD46}.Release|Any CPU.ActiveCfg = Release|Any CPU
		{06E34048-888C-49B8-AE90-FF96B2BFBD46}.Release|Any CPU.Build.0 = Release|Any CPU
		{4D73D853-A38F-4A56-952F-DF141C4D3F40}.Debug|Any CPU.ActiveCfg = Debug|Any CPU
		{4D73D853-A38F-4A56-952F-DF141C4D3F40}.Debug|Any CPU.Build.0 = Debug|Any CPU
		{4D73D853-A38F-4A56-952F-DF141C4D3F40}.Release|Any CPU.ActiveCfg = Release|Any CPU
		{4D73D853-A38F-4A56-952F-DF141C4D3F40}.Release|Any CPU.Build.0 = Release|Any CPU
		{70C3000D-1B2F-4382-BAFA-A7FFD0FF4F30}.Debug|Any CPU.ActiveCfg = Debug|Any CPU
		{70C3000D-1B2F-4382-BAFA-A7FFD0FF4F30}.Debug|Any CPU.Build.0 = Debug|Any CPU
		{70C3000D-1B2F-4382-BAFA-A7FFD0FF4F30}.Release|Any CPU.ActiveCfg = Release|Any CPU
		{70C3000D-1B2F-4382-BAFA-A7FFD0FF4F30}.Release|Any CPU.Build.0 = Release|Any CPU
		{A9C89190-DFEE-4876-8F2B-394B9B069335}.Debug|Any CPU.ActiveCfg = Debug|Any CPU
		{A9C89190-DFEE-4876-8F2B-394B9B069335}.Debug|Any CPU.Build.0 = Debug|Any CPU
		{A9C89190-DFEE-4876-8F2B-394B9B069335}.Release|Any CPU.ActiveCfg = Release|Any CPU
		{A9C89190-DFEE-4876-8F2B-394B9B069335}.Release|Any CPU.Build.0 = Release|Any CPU
		{A12852D6-DD4C-4534-97E1-6167A34E04A3}.Debug|Any CPU.ActiveCfg = Debug|Any CPU
		{A12852D6-DD4C-4534-97E1-6167A34E04A3}.Debug|Any CPU.Build.0 = Debug|Any CPU
		{A12852D6-DD4C-4534-97E1-6167A34E04A3}.Release|Any CPU.ActiveCfg = Release|Any CPU
		{A12852D6-DD4C-4534-97E1-6167A34E04A3}.Release|Any CPU.Build.0 = Release|Any CPU
		{CA329861-01B2-433A-B681-1A69BA49EE19}.Debug|Any CPU.ActiveCfg = Debug|Any CPU
		{CA329861-01B2-433A-B681-1A69BA49EE19}.Debug|Any CPU.Build.0 = Debug|Any CPU
		{CA329861-01B2-433A-B681-1A69BA49EE19}.Release|Any CPU.ActiveCfg = Release|Any CPU
		{CA329861-01B2-433A-B681-1A69BA49EE19}.Release|Any CPU.Build.0 = Release|Any CPU
	EndGlobalSection
	GlobalSection(SolutionProperties) = preSolution
		HideSolutionNode = FALSE
	EndGlobalSection
	GlobalSection(NestedProjects) = preSolution
		{CA329861-01B2-433A-B681-1A69BA49EE19} = {43209AB7-778E-4AC5-B94C-98CCB5E0F019}
	EndGlobalSection
	GlobalSection(ExtensibilityGlobals) = postSolution
		SolutionGuid = {67D76814-5C90-47F5-BB3B-8FBD26F4C365}
	EndGlobalSection
EndGlobal
